
Microsoft Visual Studio Solution File, Format Version 12.00
# Visual Studio Version 17
VisualStudioVersion = 17.2.32616.157
MinimumVisualStudioVersion = 10.0.40219.1
Project("{9A19103F-16F7-4668-BE54-9A1E7A4F7556}") = "BagAPI", "BagAPI.csproj", "{500C070F-9F35-4A78-9FF3-409DC3669F66}"
EndProject
Project("{9A19103F-16F7-4668-BE54-9A1E7A4F7556}") = "BagAPITestProject", "BagAPITestProject\BagAPITestProject.csproj", "{491A412D-7EC3-4060-BC21-EB0871A4D9F9}"
EndProject
Project("{2150E333-8FDC-42A3-9474-1A3956D46DE8}") = "Solution Items", "Solution Items", "{FD409FB7-2C99-4C6A-90CC-6B6184F881E2}"
	ProjectSection(SolutionItems) = preProject
		.editorconfig = .editorconfig
	EndProjectSection
EndProject
Global
	GlobalSection(SolutionConfigurationPlatforms) = preSolution
		Debug|Any CPU = Debug|Any CPU
		Release|Any CPU = Release|Any CPU
	EndGlobalSection
	GlobalSection(ProjectConfigurationPlatforms) = postSolution
		{500C070F-9F35-4A78-9FF3-409DC3669F66}.Debug|Any CPU.ActiveCfg = Debug|Any CPU
		{500C070F-9F35-4A78-9FF3-409DC3669F66}.Debug|Any CPU.Build.0 = Debug|Any CPU
		{500C070F-9F35-4A78-9FF3-409DC3669F66}.Release|Any CPU.ActiveCfg = Release|Any CPU
		{500C070F-9F35-4A78-9FF3-409DC3669F66}.Release|Any CPU.Build.0 = Release|Any CPU
		{491A412D-7EC3-4060-BC21-EB0871A4D9F9}.Debug|Any CPU.ActiveCfg = Debug|Any CPU
		{491A412D-7EC3-4060-BC21-EB0871A4D9F9}.Debug|Any CPU.Build.0 = Debug|Any CPU
		{491A412D-7EC3-4060-BC21-EB0871A4D9F9}.Release|Any CPU.ActiveCfg = Release|Any CPU
		{491A412D-7EC3-4060-BC21-EB0871A4D9F9}.Release|Any CPU.Build.0 = Release|Any CPU
	EndGlobalSection
	GlobalSection(SolutionProperties) = preSolution
		HideSolutionNode = FALSE
	EndGlobalSection
	GlobalSection(ExtensibilityGlobals) = postSolution
		SolutionGuid = {05BBF27F-5400-46FB-9312-72D2F99E5BA5}
	EndGlobalSection
EndGlobal
